// !$*UTF8*$!
{
	archiveVersion = 1;
	classes = {
	};
	objectVersion = 50;
	objects = {

/* Begin PBXBuildFile section */
		815EF85C22FFEF04001ADBCE /* GradientView.swift in Sources */ = {isa = PBXBuildFile; fileRef = 815EF85B22FFEF04001ADBCE /* GradientView.swift */; };
		815EF85E22FFEFA2001ADBCE /* UIColorConverter+cgColor.swift in Sources */ = {isa = PBXBuildFile; fileRef = 815EF85D22FFEFA2001ADBCE /* UIColorConverter+cgColor.swift */; };
		815EF8602300727D001ADBCE /* PeopleView.swift in Sources */ = {isa = PBXBuildFile; fileRef = 815EF85F2300727D001ADBCE /* PeopleView.swift */; };
		815EF86223007C07001ADBCE /* PeopleVCViewModel.swift in Sources */ = {isa = PBXBuildFile; fileRef = 815EF86123007C07001ADBCE /* PeopleVCViewModel.swift */; };
		815EF8652300A37C001ADBCE /* FontStyle.swift in Sources */ = {isa = PBXBuildFile; fileRef = 815EF8642300A37C001ADBCE /* FontStyle.swift */; };
		81BAE53F22FF128500B16C50 /* AppDelegate.swift in Sources */ = {isa = PBXBuildFile; fileRef = 81BAE53E22FF128500B16C50 /* AppDelegate.swift */; };
		81BAE54122FF128500B16C50 /* PeopleViewController.swift in Sources */ = {isa = PBXBuildFile; fileRef = 81BAE54022FF128500B16C50 /* PeopleViewController.swift */; };
		81BAE54422FF128500B16C50 /* Main.storyboard in Resources */ = {isa = PBXBuildFile; fileRef = 81BAE54222FF128500B16C50 /* Main.storyboard */; };
		81BAE54622FF128700B16C50 /* Assets.xcassets in Resources */ = {isa = PBXBuildFile; fileRef = 81BAE54522FF128700B16C50 /* Assets.xcassets */; };
		81BAE54922FF128700B16C50 /* LaunchScreen.storyboard in Resources */ = {isa = PBXBuildFile; fileRef = 81BAE54722FF128700B16C50 /* LaunchScreen.storyboard */; };
		81BAE56422FF195B00B16C50 /* StarWarsPeopleModel.swift in Sources */ = {isa = PBXBuildFile; fileRef = 81BAE56322FF195B00B16C50 /* StarWarsPeopleModel.swift */; };
		81BAE56622FF1CD600B16C50 /* StarWarsPlanetModel.swift in Sources */ = {isa = PBXBuildFile; fileRef = 81BAE56522FF1CD600B16C50 /* StarWarsPlanetModel.swift */; };
		81E278F822FF5AFB00E71FB5 /* StarWarsAPIClient.swift in Sources */ = {isa = PBXBuildFile; fileRef = 81E278F722FF5AFB00E71FB5 /* StarWarsAPIClient.swift */; };
		81E278FA22FF5B4C00E71FB5 /* NetworkError.swift in Sources */ = {isa = PBXBuildFile; fileRef = 81E278F922FF5B4C00E71FB5 /* NetworkError.swift */; };
		81E278FC22FF5B8200E71FB5 /* HTTPURLResponseAPIError.swift in Sources */ = {isa = PBXBuildFile; fileRef = 81E278FB22FF5B8200E71FB5 /* HTTPURLResponseAPIError.swift */; };
		81E278FE22FF9E1A00E71FB5 /* NetworkClient.swift in Sources */ = {isa = PBXBuildFile; fileRef = 81E278FD22FF9E1A00E71FB5 /* NetworkClient.swift */; };
		81E2790022FF9ECF00E71FB5 /* StarWarsEndpointBuilder.swift in Sources */ = {isa = PBXBuildFile; fileRef = 81E278FF22FF9ECF00E71FB5 /* StarWarsEndpointBuilder.swift */; };
		81E2790422FFC21600E71FB5 /* ExpandableCell.swift in Sources */ = {isa = PBXBuildFile; fileRef = 81E2790322FFC21600E71FB5 /* ExpandableCell.swift */; };
		81E2790B22FFECB100E71FB5 /* PersonCell.swift in Sources */ = {isa = PBXBuildFile; fileRef = 81E2790A22FFECB100E71FB5 /* PersonCell.swift */; };
/* End PBXBuildFile section */

/* Begin PBXFileReference section */
		815EF85B22FFEF04001ADBCE /* GradientView.swift */ = {isa = PBXFileReference; lastKnownFileType = sourcecode.swift; path = GradientView.swift; sourceTree = "<group>"; };
		815EF85D22FFEFA2001ADBCE /* UIColorConverter+cgColor.swift */ = {isa = PBXFileReference; lastKnownFileType = sourcecode.swift; path = "UIColorConverter+cgColor.swift"; sourceTree = "<group>"; };
		815EF85F2300727D001ADBCE /* PeopleView.swift */ = {isa = PBXFileReference; lastKnownFileType = sourcecode.swift; path = PeopleView.swift; sourceTree = "<group>"; };
		815EF86123007C07001ADBCE /* PeopleVCViewModel.swift */ = {isa = PBXFileReference; lastKnownFileType = sourcecode.swift; path = PeopleVCViewModel.swift; sourceTree = "<group>"; };
		815EF8642300A37C001ADBCE /* FontStyle.swift */ = {isa = PBXFileReference; lastKnownFileType = sourcecode.swift; path = FontStyle.swift; sourceTree = "<group>"; };
		81BAE53B22FF128500B16C50 /* StarWarsDB.app */ = {isa = PBXFileReference; explicitFileType = wrapper.application; includeInIndex = 0; path = StarWarsDB.app; sourceTree = BUILT_PRODUCTS_DIR; };
		81BAE53E22FF128500B16C50 /* AppDelegate.swift */ = {isa = PBXFileReference; lastKnownFileType = sourcecode.swift; path = AppDelegate.swift; sourceTree = "<group>"; };
		81BAE54022FF128500B16C50 /* PeopleViewController.swift */ = {isa = PBXFileReference; lastKnownFileType = sourcecode.swift; path = PeopleViewController.swift; sourceTree = "<group>"; };
		81BAE54322FF128500B16C50 /* Base */ = {isa = PBXFileReference; lastKnownFileType = file.storyboard; name = Base; path = Base.lproj/Main.storyboard; sourceTree = "<group>"; };
		81BAE54522FF128700B16C50 /* Assets.xcassets */ = {isa = PBXFileReference; lastKnownFileType = folder.assetcatalog; path = Assets.xcassets; sourceTree = "<group>"; };
		81BAE54822FF128700B16C50 /* Base */ = {isa = PBXFileReference; lastKnownFileType = file.storyboard; name = Base; path = Base.lproj/LaunchScreen.storyboard; sourceTree = "<group>"; };
		81BAE54A22FF128700B16C50 /* Info.plist */ = {isa = PBXFileReference; lastKnownFileType = text.plist.xml; path = Info.plist; sourceTree = "<group>"; };
		81BAE56322FF195B00B16C50 /* StarWarsPeopleModel.swift */ = {isa = PBXFileReference; lastKnownFileType = sourcecode.swift; path = StarWarsPeopleModel.swift; sourceTree = "<group>"; };
		81BAE56522FF1CD600B16C50 /* StarWarsPlanetModel.swift */ = {isa = PBXFileReference; lastKnownFileType = sourcecode.swift; path = StarWarsPlanetModel.swift; sourceTree = "<group>"; };
		81E278F722FF5AFB00E71FB5 /* StarWarsAPIClient.swift */ = {isa = PBXFileReference; lastKnownFileType = sourcecode.swift; path = StarWarsAPIClient.swift; sourceTree = "<group>"; };
		81E278F922FF5B4C00E71FB5 /* NetworkError.swift */ = {isa = PBXFileReference; lastKnownFileType = sourcecode.swift; path = NetworkError.swift; sourceTree = "<group>"; };
		81E278FB22FF5B8200E71FB5 /* HTTPURLResponseAPIError.swift */ = {isa = PBXFileReference; lastKnownFileType = sourcecode.swift; path = HTTPURLResponseAPIError.swift; sourceTree = "<group>"; };
		81E278FD22FF9E1A00E71FB5 /* NetworkClient.swift */ = {isa = PBXFileReference; lastKnownFileType = sourcecode.swift; path = NetworkClient.swift; sourceTree = "<group>"; };
		81E278FF22FF9ECF00E71FB5 /* StarWarsEndpointBuilder.swift */ = {isa = PBXFileReference; lastKnownFileType = sourcecode.swift; path = StarWarsEndpointBuilder.swift; sourceTree = "<group>"; };
		81E2790322FFC21600E71FB5 /* ExpandableCell.swift */ = {isa = PBXFileReference; lastKnownFileType = sourcecode.swift; path = ExpandableCell.swift; sourceTree = "<group>"; };
		81E2790A22FFECB100E71FB5 /* PersonCell.swift */ = {isa = PBXFileReference; lastKnownFileType = sourcecode.swift; path = PersonCell.swift; sourceTree = "<group>"; };
/* End PBXFileReference section */

/* Begin PBXFrameworksBuildPhase section */
		81BAE53822FF128500B16C50 /* Frameworks */ = {
			isa = PBXFrameworksBuildPhase;
			buildActionMask = 2147483647;
			files = (
			);
			runOnlyForDeploymentPostprocessing = 0;
		};
/* End PBXFrameworksBuildPhase section */

/* Begin PBXGroup section */
		815EF85A22FFEEDA001ADBCE /* Gradient */ = {
			isa = PBXGroup;
			children = (
				815EF85B22FFEF04001ADBCE /* GradientView.swift */,
				815EF85D22FFEFA2001ADBCE /* UIColorConverter+cgColor.swift */,
			);
			path = Gradient;
			sourceTree = "<group>";
		};
		815EF8632300A35E001ADBCE /* Fonts */ = {
			isa = PBXGroup;
			children = (
				815EF8642300A37C001ADBCE /* FontStyle.swift */,
			);
			path = Fonts;
			sourceTree = "<group>";
		};
		81BAE53222FF128500B16C50 = {
			isa = PBXGroup;
			children = (
				81BAE53D22FF128500B16C50 /* StarWarsDB */,
				81BAE53C22FF128500B16C50 /* Products */,
			);
			sourceTree = "<group>";
		};
		81BAE53C22FF128500B16C50 /* Products */ = {
			isa = PBXGroup;
			children = (
				81BAE53B22FF128500B16C50 /* StarWarsDB.app */,
			);
			name = Products;
			sourceTree = "<group>";
		};
		81BAE53D22FF128500B16C50 /* StarWarsDB */ = {
			isa = PBXGroup;
			children = (
				81BAE53E22FF128500B16C50 /* AppDelegate.swift */,
				81E2790522FFEB5900E71FB5 /* People */,
				81E2790122FFBED400E71FB5 /* Components */,
				81BAE56222FF193200B16C50 /* API Models */,
				81E278F622FF5AB200E71FB5 /* Networking */,
				81BAE54222FF128500B16C50 /* Main.storyboard */,
				81BAE54522FF128700B16C50 /* Assets.xcassets */,
				81BAE54722FF128700B16C50 /* LaunchScreen.storyboard */,
				81BAE54A22FF128700B16C50 /* Info.plist */,
			);
			path = StarWarsDB;
			sourceTree = "<group>";
		};
		81BAE56222FF193200B16C50 /* API Models */ = {
			isa = PBXGroup;
			children = (
				81BAE56322FF195B00B16C50 /* StarWarsPeopleModel.swift */,
				81BAE56522FF1CD600B16C50 /* StarWarsPlanetModel.swift */,
			);
			path = "API Models";
			sourceTree = "<group>";
		};
		81E278F622FF5AB200E71FB5 /* Networking */ = {
			isa = PBXGroup;
			children = (
				81E278F722FF5AFB00E71FB5 /* StarWarsAPIClient.swift */,
				81E278FD22FF9E1A00E71FB5 /* NetworkClient.swift */,
				81E278FF22FF9ECF00E71FB5 /* StarWarsEndpointBuilder.swift */,
				81E278F922FF5B4C00E71FB5 /* NetworkError.swift */,
				81E278FB22FF5B8200E71FB5 /* HTTPURLResponseAPIError.swift */,
			);
			path = Networking;
			sourceTree = "<group>";
		};
		81E2790122FFBED400E71FB5 /* Components */ = {
			isa = PBXGroup;
			children = (
				815EF8632300A35E001ADBCE /* Fonts */,
				815EF85A22FFEEDA001ADBCE /* Gradient */,
				81E2790222FFBFF400E71FB5 /* Expandable Cell */,
			);
			path = Components;
			sourceTree = "<group>";
		};
		81E2790222FFBFF400E71FB5 /* Expandable Cell */ = {
			isa = PBXGroup;
			children = (
				81E2790322FFC21600E71FB5 /* ExpandableCell.swift */,
			);
			path = "Expandable Cell";
			sourceTree = "<group>";
		};
		81E2790522FFEB5900E71FB5 /* People */ = {
			isa = PBXGroup;
			children = (
				81E2790822FFEBCF00E71FB5 /* ViewModel */,
				81E2790622FFEBA900E71FB5 /* View Controller */,
				81E2790722FFEBBF00E71FB5 /* View */,
				81E2790922FFEBF000E71FB5 /* Cell */,
			);
			path = People;
			sourceTree = "<group>";
		};
		81E2790622FFEBA900E71FB5 /* View Controller */ = {
			isa = PBXGroup;
			children = (
				81BAE54022FF128500B16C50 /* PeopleViewController.swift */,
			);
			path = "View Controller";
			sourceTree = "<group>";
		};
		81E2790722FFEBBF00E71FB5 /* View */ = {
			isa = PBXGroup;
			children = (
				815EF85F2300727D001ADBCE /* PeopleView.swift */,
			);
			path = View;
			sourceTree = "<group>";
		};
		81E2790822FFEBCF00E71FB5 /* ViewModel */ = {
			isa = PBXGroup;
			children = (
				815EF86123007C07001ADBCE /* PeopleVCViewModel.swift */,
			);
			path = ViewModel;
			sourceTree = "<group>";
		};
		81E2790922FFEBF000E71FB5 /* Cell */ = {
			isa = PBXGroup;
			children = (
				81E2790A22FFECB100E71FB5 /* PersonCell.swift */,
			);
			path = Cell;
			sourceTree = "<group>";
		};
/* End PBXGroup section */

/* Begin PBXNativeTarget section */
		81BAE53A22FF128500B16C50 /* StarWarsDB */ = {
			isa = PBXNativeTarget;
			buildConfigurationList = 81BAE54D22FF128700B16C50 /* Build configuration list for PBXNativeTarget "StarWarsDB" */;
			buildPhases = (
				81BAE53722FF128500B16C50 /* Sources */,
				81BAE53822FF128500B16C50 /* Frameworks */,
				81BAE53922FF128500B16C50 /* Resources */,
			);
			buildRules = (
			);
			dependencies = (
			);
			name = StarWarsDB;
			productName = StarWarsDB;
			productReference = 81BAE53B22FF128500B16C50 /* StarWarsDB.app */;
			productType = "com.apple.product-type.application";
		};
/* End PBXNativeTarget section */

/* Begin PBXProject section */
		81BAE53322FF128500B16C50 /* Project object */ = {
			isa = PBXProject;
			attributes = {
				LastSwiftUpdateCheck = 1010;
				LastUpgradeCheck = 1010;
				ORGANIZATIONNAME = "Vikash Hart";
				TargetAttributes = {
					81BAE53A22FF128500B16C50 = {
						CreatedOnToolsVersion = 10.1;
						LastSwiftMigration = 1020;
					};
				};
			};
			buildConfigurationList = 81BAE53622FF128500B16C50 /* Build configuration list for PBXProject "StarWarsDB" */;
			compatibilityVersion = "Xcode 9.3";
			developmentRegion = en;
			hasScannedForEncodings = 0;
			knownRegions = (
				en,
				Base,
			);
			mainGroup = 81BAE53222FF128500B16C50;
			productRefGroup = 81BAE53C22FF128500B16C50 /* Products */;
			projectDirPath = "";
			projectRoot = "";
			targets = (
				81BAE53A22FF128500B16C50 /* StarWarsDB */,
			);
		};
/* End PBXProject section */

/* Begin PBXResourcesBuildPhase section */
		81BAE53922FF128500B16C50 /* Resources */ = {
			isa = PBXResourcesBuildPhase;
			buildActionMask = 2147483647;
			files = (
				81BAE54922FF128700B16C50 /* LaunchScreen.storyboard in Resources */,
				81BAE54622FF128700B16C50 /* Assets.xcassets in Resources */,
				81BAE54422FF128500B16C50 /* Main.storyboard in Resources */,
			);
			runOnlyForDeploymentPostprocessing = 0;
		};
/* End PBXResourcesBuildPhase section */

/* Begin PBXSourcesBuildPhase section */
		81BAE53722FF128500B16C50 /* Sources */ = {
			isa = PBXSourcesBuildPhase;
			buildActionMask = 2147483647;
			files = (
				81E278FC22FF5B8200E71FB5 /* HTTPURLResponseAPIError.swift in Sources */,
				81E278F822FF5AFB00E71FB5 /* StarWarsAPIClient.swift in Sources */,
				815EF8652300A37C001ADBCE /* FontStyle.swift in Sources */,
				815EF85C22FFEF04001ADBCE /* GradientView.swift in Sources */,
				81BAE56622FF1CD600B16C50 /* StarWarsPlanetModel.swift in Sources */,
				815EF86223007C07001ADBCE /* PeopleVCViewModel.swift in Sources */,
				81BAE54122FF128500B16C50 /* PeopleViewController.swift in Sources */,
				81E278FA22FF5B4C00E71FB5 /* NetworkError.swift in Sources */,
				815EF85E22FFEFA2001ADBCE /* UIColorConverter+cgColor.swift in Sources */,
				81E2790022FF9ECF00E71FB5 /* StarWarsEndpointBuilder.swift in Sources */,
				81BAE56422FF195B00B16C50 /* StarWarsPeopleModel.swift in Sources */,
				815EF8602300727D001ADBCE /* PeopleView.swift in Sources */,
				81E2790B22FFECB100E71FB5 /* PersonCell.swift in Sources */,
				81BAE53F22FF128500B16C50 /* AppDelegate.swift in Sources */,
				81E278FE22FF9E1A00E71FB5 /* NetworkClient.swift in Sources */,
				81E2790422FFC21600E71FB5 /* ExpandableCell.swift in Sources */,
			);
			runOnlyForDeploymentPostprocessing = 0;
		};
/* End PBXSourcesBuildPhase section */

/* Begin PBXVariantGroup section */
		81BAE54222FF128500B16C50 /* Main.storyboard */ = {
			isa = PBXVariantGroup;
			children = (
				81BAE54322FF128500B16C50 /* Base */,
			);
			name = Main.storyboard;
			sourceTree = "<group>";
		};
		81BAE54722FF128700B16C50 /* LaunchScreen.storyboard */ = {
			isa = PBXVariantGroup;
			children = (
				81BAE54822FF128700B16C50 /* Base */,
			);
			name = LaunchScreen.storyboard;
			sourceTree = "<group>";
		};
/* End PBXVariantGroup section */

/* Begin XCBuildConfiguration section */
		81BAE54B22FF128700B16C50 /* Debug */ = {
			isa = XCBuildConfiguration;
			buildSettings = {
				ALWAYS_SEARCH_USER_PATHS = NO;
				CLANG_ANALYZER_NONNULL = YES;
				CLANG_ANALYZER_NUMBER_OBJECT_CONVERSION = YES_AGGRESSIVE;
				CLANG_CXX_LANGUAGE_STANDARD = "gnu++14";
				CLANG_CXX_LIBRARY = "libc++";
				CLANG_ENABLE_MODULES = YES;
				CLANG_ENABLE_OBJC_ARC = YES;
				CLANG_ENABLE_OBJC_WEAK = YES;
				CLANG_WARN_BLOCK_CAPTURE_AUTORELEASING = YES;
				CLANG_WARN_BOOL_CONVERSION = YES;
				CLANG_WARN_COMMA = YES;
				CLANG_WARN_CONSTANT_CONVERSION = YES;
				CLANG_WARN_DEPRECATED_OBJC_IMPLEMENTATIONS = YES;
				CLANG_WARN_DIRECT_OBJC_ISA_USAGE = YES_ERROR;
				CLANG_WARN_DOCUMENTATION_COMMENTS = YES;
				CLANG_WARN_EMPTY_BODY = YES;
				CLANG_WARN_ENUM_CONVERSION = YES;
				CLANG_WARN_INFINITE_RECURSION = YES;
				CLANG_WARN_INT_CONVERSION = YES;
				CLANG_WARN_NON_LITERAL_NULL_CONVERSION = YES;
				CLANG_WARN_OBJC_IMPLICIT_RETAIN_SELF = YES;
				CLANG_WARN_OBJC_LITERAL_CONVERSION = YES;
				CLANG_WARN_OBJC_ROOT_CLASS = YES_ERROR;
				CLANG_WARN_RANGE_LOOP_ANALYSIS = YES;
				CLANG_WARN_STRICT_PROTOTYPES = YES;
				CLANG_WARN_SUSPICIOUS_MOVE = YES;
				CLANG_WARN_UNGUARDED_AVAILABILITY = YES_AGGRESSIVE;
				CLANG_WARN_UNREACHABLE_CODE = YES;
				CLANG_WARN__DUPLICATE_METHOD_MATCH = YES;
				CODE_SIGN_IDENTITY = "iPhone Developer";
				COPY_PHASE_STRIP = NO;
				DEBUG_INFORMATION_FORMAT = dwarf;
				ENABLE_STRICT_OBJC_MSGSEND = YES;
				ENABLE_TESTABILITY = YES;
				GCC_C_LANGUAGE_STANDARD = gnu11;
				GCC_DYNAMIC_NO_PIC = NO;
				GCC_NO_COMMON_BLOCKS = YES;
				GCC_OPTIMIZATION_LEVEL = 0;
				GCC_PREPROCESSOR_DEFINITIONS = (
					"DEBUG=1",
					"$(inherited)",
				);
				GCC_WARN_64_TO_32_BIT_CONVERSION = YES;
				GCC_WARN_ABOUT_RETURN_TYPE = YES_ERROR;
				GCC_WARN_UNDECLARED_SELECTOR = YES;
				GCC_WARN_UNINITIALIZED_AUTOS = YES_AGGRESSIVE;
				GCC_WARN_UNUSED_FUNCTION = YES;
				GCC_WARN_UNUSED_VARIABLE = YES;
				IPHONEOS_DEPLOYMENT_TARGET = 12.1;
				MTL_ENABLE_DEBUG_INFO = INCLUDE_SOURCE;
				MTL_FAST_MATH = YES;
				ONLY_ACTIVE_ARCH = YES;
				SDKROOT = iphoneos;
				SWIFT_ACTIVE_COMPILATION_CONDITIONS = DEBUG;
				SWIFT_OPTIMIZATION_LEVEL = "-Onone";
			};
			name = Debug;
		};
		81BAE54C22FF128700B16C50 /* Release */ = {
			isa = XCBuildConfiguration;
			buildSettings = {
				ALWAYS_SEARCH_USER_PATHS = NO;
				CLANG_ANALYZER_NONNULL = YES;
				CLANG_ANALYZER_NUMBER_OBJECT_CONVERSION = YES_AGGRESSIVE;
				CLANG_CXX_LANGUAGE_STANDARD = "gnu++14";
				CLANG_CXX_LIBRARY = "libc++";
				CLANG_ENABLE_MODULES = YES;
				CLANG_ENABLE_OBJC_ARC = YES;
				CLANG_ENABLE_OBJC_WEAK = YES;
				CLANG_WARN_BLOCK_CAPTURE_AUTORELEASING = YES;
				CLANG_WARN_BOOL_CONVERSION = YES;
				CLANG_WARN_COMMA = YES;
				CLANG_WARN_CONSTANT_CONVERSION = YES;
				CLANG_WARN_DEPRECATED_OBJC_IMPLEMENTATIONS = YES;
				CLANG_WARN_DIRECT_OBJC_ISA_USAGE = YES_ERROR;
				CLANG_WARN_DOCUMENTATION_COMMENTS = YES;
				CLANG_WARN_EMPTY_BODY = YES;
				CLANG_WARN_ENUM_CONVERSION = YES;
				CLANG_WARN_INFINITE_RECURSION = YES;
				CLANG_WARN_INT_CONVERSION = YES;
				CLANG_WARN_NON_LITERAL_NULL_CONVERSION = YES;
				CLANG_WARN_OBJC_IMPLICIT_RETAIN_SELF = YES;
				CLANG_WARN_OBJC_LITERAL_CONVERSION = YES;
				CLANG_WARN_OBJC_ROOT_CLASS = YES_ERROR;
				CLANG_WARN_RANGE_LOOP_ANALYSIS = YES;
				CLANG_WARN_STRICT_PROTOTYPES = YES;
				CLANG_WARN_SUSPICIOUS_MOVE = YES;
				CLANG_WARN_UNGUARDED_AVAILABILITY = YES_AGGRESSIVE;
				CLANG_WARN_UNREACHABLE_CODE = YES;
				CLANG_WARN__DUPLICATE_METHOD_MATCH = YES;
				CODE_SIGN_IDENTITY = "iPhone Developer";
				COPY_PHASE_STRIP = NO;
				DEBUG_INFORMATION_FORMAT = "dwarf-with-dsym";
				ENABLE_NS_ASSERTIONS = NO;
				ENABLE_STRICT_OBJC_MSGSEND = YES;
				GCC_C_LANGUAGE_STANDARD = gnu11;
				GCC_NO_COMMON_BLOCKS = YES;
				GCC_WARN_64_TO_32_BIT_CONVERSION = YES;
				GCC_WARN_ABOUT_RETURN_TYPE = YES_ERROR;
				GCC_WARN_UNDECLARED_SELECTOR = YES;
				GCC_WARN_UNINITIALIZED_AUTOS = YES_AGGRESSIVE;
				GCC_WARN_UNUSED_FUNCTION = YES;
				GCC_WARN_UNUSED_VARIABLE = YES;
				IPHONEOS_DEPLOYMENT_TARGET = 12.1;
				MTL_ENABLE_DEBUG_INFO = NO;
				MTL_FAST_MATH = YES;
				SDKROOT = iphoneos;
				SWIFT_COMPILATION_MODE = wholemodule;
				SWIFT_OPTIMIZATION_LEVEL = "-O";
				VALIDATE_PRODUCT = YES;
			};
			name = Release;
		};
		81BAE54E22FF128700B16C50 /* Debug */ = {
			isa = XCBuildConfiguration;
			buildSettings = {
				ASSETCATALOG_COMPILER_APPICON_NAME = AppIcon;
				CODE_SIGN_STYLE = Automatic;
				DEVELOPMENT_TEAM = 63X7US2LVV;
				INFOPLIST_FILE = StarWarsDB/Info.plist;
				LD_RUNPATH_SEARCH_PATHS = (
					"$(inherited)",
					"@executable_path/Frameworks",
				);
				PRODUCT_BUNDLE_IDENTIFIER = "Vikash-Hart.StarWarsDB";
				PRODUCT_NAME = "$(TARGET_NAME)";
				SWIFT_VERSION = 5.0;
				TARGETED_DEVICE_FAMILY = "1,2";
			};
			name = Debug;
		};
		81BAE54F22FF128700B16C50 /* Release */ = {
			isa = XCBuildConfiguration;
			buildSettings = {
				ASSETCATALOG_COMPILER_APPICON_NAME = AppIcon;
				CODE_SIGN_STYLE = Automatic;
				DEVELOPMENT_TEAM = 63X7US2LVV;
				INFOPLIST_FILE = StarWarsDB/Info.plist;
				LD_RUNPATH_SEARCH_PATHS = (
					"$(inherited)",
					"@executable_path/Frameworks",
				);
				PRODUCT_BUNDLE_IDENTIFIER = "Vikash-Hart.StarWarsDB";
				PRODUCT_NAME = "$(TARGET_NAME)";
				SWIFT_VERSION = 5.0;
				TARGETED_DEVICE_FAMILY = "1,2";
			};
			name = Release;
		};
/* End XCBuildConfiguration section */

/* Begin XCConfigurationList section */
		81BAE53622FF128500B16C50 /* Build configuration list for PBXProject "StarWarsDB" */ = {
			isa = XCConfigurationList;
			buildConfigurations = (
				81BAE54B22FF128700B16C50 /* Debug */,
				81BAE54C22FF128700B16C50 /* Release */,
			);
			defaultConfigurationIsVisible = 0;
			defaultConfigurationName = Release;
		};
		81BAE54D22FF128700B16C50 /* Build configuration list for PBXNativeTarget "StarWarsDB" */ = {
			isa = XCConfigurationList;
			buildConfigurations = (
				81BAE54E22FF128700B16C50 /* Debug */,
				81BAE54F22FF128700B16C50 /* Release */,
			);
			defaultConfigurationIsVisible = 0;
			defaultConfigurationName = Release;
		};
/* End XCConfigurationList section */
	};
	rootObject = 81BAE53322FF128500B16C50 /* Project object */;
}
